// !$*UTF8*$!
{
	archiveVersion = 1;
	classes = {
	};
	objectVersion = 50;
	objects = {

/* Begin PBXBuildFile section */
		25E0D9A22669FB00004191DB /* AppDelegate.swift in Sources */ = {isa = PBXBuildFile; fileRef = 25E0D9A12669FB00004191DB /* AppDelegate.swift */; };
		25E0D9A42669FB00004191DB /* SceneDelegate.swift in Sources */ = {isa = PBXBuildFile; fileRef = 25E0D9A32669FB00004191DB /* SceneDelegate.swift */; };
		25E0D9A62669FB00004191DB /* ViewController.swift in Sources */ = {isa = PBXBuildFile; fileRef = 25E0D9A52669FB00004191DB /* ViewController.swift */; };
		25E0D9A92669FB00004191DB /* Main.storyboard in Resources */ = {isa = PBXBuildFile; fileRef = 25E0D9A72669FB00004191DB /* Main.storyboard */; };
		25E0D9AB2669FB02004191DB /* Assets.xcassets in Resources */ = {isa = PBXBuildFile; fileRef = 25E0D9AA2669FB02004191DB /* Assets.xcassets */; };
		25E0D9AE2669FB02004191DB /* LaunchScreen.storyboard in Resources */ = {isa = PBXBuildFile; fileRef = 25E0D9AC2669FB02004191DB /* LaunchScreen.storyboard */; };
		25E0D9B62669FB14004191DB /* EnumAPI.swift in Sources */ = {isa = PBXBuildFile; fileRef = 25E0D9B52669FB13004191DB /* EnumAPI.swift */; };
/* End PBXBuildFile section */

/* Begin PBXFileReference section */
		25E0D99E2669FB00004191DB /* EnumAPIHeaders.app */ = {isa = PBXFileReference; explicitFileType = wrapper.application; includeInIndex = 0; path = EnumAPIHeaders.app; sourceTree = BUILT_PRODUCTS_DIR; };
		25E0D9A12669FB00004191DB /* AppDelegate.swift */ = {isa = PBXFileReference; lastKnownFileType = sourcecode.swift; path = AppDelegate.swift; sourceTree = "<group>"; };
		25E0D9A32669FB00004191DB /* SceneDelegate.swift */ = {isa = PBXFileReference; lastKnownFileType = sourcecode.swift; path = SceneDelegate.swift; sourceTree = "<group>"; };
		25E0D9A52669FB00004191DB /* ViewController.swift */ = {isa = PBXFileReference; lastKnownFileType = sourcecode.swift; path = ViewController.swift; sourceTree = "<group>"; };
		25E0D9A82669FB00004191DB /* Base */ = {isa = PBXFileReference; lastKnownFileType = file.storyboard; name = Base; path = Base.lproj/Main.storyboard; sourceTree = "<group>"; };
		25E0D9AA2669FB02004191DB /* Assets.xcassets */ = {isa = PBXFileReference; lastKnownFileType = folder.assetcatalog; path = Assets.xcassets; sourceTree = "<group>"; };
		25E0D9AD2669FB02004191DB /* Base */ = {isa = PBXFileReference; lastKnownFileType = file.storyboard; name = Base; path = Base.lproj/LaunchScreen.storyboard; sourceTree = "<group>"; };
		25E0D9AF2669FB02004191DB /* Info.plist */ = {isa = PBXFileReference; lastKnownFileType = text.plist.xml; path = Info.plist; sourceTree = "<group>"; };
		25E0D9B52669FB13004191DB /* EnumAPI.swift */ = {isa = PBXFileReference; lastKnownFileType = sourcecode.swift; path = EnumAPI.swift; sourceTree = "<group>"; };
/* End PBXFileReference section */

/* Begin PBXFrameworksBuildPhase section */
		25E0D99B2669FB00004191DB /* Frameworks */ = {
			isa = PBXFrameworksBuildPhase;
			buildActionMask = 2147483647;
			files = (
			);
			runOnlyForDeploymentPostprocessing = 0;
		};
/* End PBXFrameworksBuildPhase section */

/* Begin PBXGroup section */
		25E0D9952669FB00004191DB = {
			isa = PBXGroup;
			children = (
				25E0D9A02669FB00004191DB /* EnumAPIHeaders */,
				25E0D99F2669FB00004191DB /* Products */,
			);
			sourceTree = "<group>";
		};
		25E0D99F2669FB00004191DB /* Products */ = {
			isa = PBXGroup;
			children = (
				25E0D99E2669FB00004191DB /* EnumAPIHeaders.app */,
			);
			name = Products;
			sourceTree = "<group>";
		};
		25E0D9A02669FB00004191DB /* EnumAPIHeaders */ = {
			isa = PBXGroup;
			children = (
				25E0D9A12669FB00004191DB /* AppDelegate.swift */,
				25E0D9A32669FB00004191DB /* SceneDelegate.swift */,
				25E0D9A52669FB00004191DB /* ViewController.swift */,
				25E0D9A72669FB00004191DB /* Main.storyboard */,
				25E0D9AA2669FB02004191DB /* Assets.xcassets */,
				25E0D9AC2669FB02004191DB /* LaunchScreen.storyboard */,
				25E0D9AF2669FB02004191DB /* Info.plist */,
				25E0D9B52669FB13004191DB /* EnumAPI.swift */,
			);
			path = EnumAPIHeaders;
			sourceTree = "<group>";
		};
/* End PBXGroup section */

/* Begin PBXNativeTarget section */
		25E0D99D2669FB00004191DB /* EnumAPIHeaders */ = {
			isa = PBXNativeTarget;
			buildConfigurationList = 25E0D9B22669FB02004191DB /* Build configuration list for PBXNativeTarget "EnumAPIHeaders" */;
			buildPhases = (
				25E0D99A2669FB00004191DB /* Sources */,
				25E0D99B2669FB00004191DB /* Frameworks */,
				25E0D99C2669FB00004191DB /* Resources */,
			);
			buildRules = (
			);
			dependencies = (
			);
			name = EnumAPIHeaders;
			productName = EnumAPIHeaders;
			productReference = 25E0D99E2669FB00004191DB /* EnumAPIHeaders.app */;
			productType = "com.apple.product-type.application";
		};
/* End PBXNativeTarget section */

/* Begin PBXProject section */
		25E0D9962669FB00004191DB /* Project object */ = {
			isa = PBXProject;
			attributes = {
				LastSwiftUpdateCheck = 1250;
				LastUpgradeCheck = 1250;
				TargetAttributes = {
					25E0D99D2669FB00004191DB = {
						CreatedOnToolsVersion = 12.5;
					};
				};
			};
			buildConfigurationList = 25E0D9992669FB00004191DB /* Build configuration list for PBXProject "EnumAPIHeaders" */;
			compatibilityVersion = "Xcode 9.3";
			developmentRegion = en;
			hasScannedForEncodings = 0;
			knownRegions = (
				en,
				Base,
			);
			mainGroup = 25E0D9952669FB00004191DB;
			productRefGroup = 25E0D99F2669FB00004191DB /* Products */;
			projectDirPath = "";
			projectRoot = "";
			targets = (
				25E0D99D2669FB00004191DB /* EnumAPIHeaders */,
			);
		};
/* End PBXProject section */

/* Begin PBXResourcesBuildPhase section */
		25E0D99C2669FB00004191DB /* Resources */ = {
			isa = PBXResourcesBuildPhase;
			buildActionMask = 2147483647;
			files = (
				25E0D9AE2669FB02004191DB /* LaunchScreen.storyboard in Resources */,
				25E0D9AB2669FB02004191DB /* Assets.xcassets in Resources */,
				25E0D9A92669FB00004191DB /* Main.storyboard in Resources */,
			);
			runOnlyForDeploymentPostprocessing = 0;
		};
/* End PBXResourcesBuildPhase section */

/* Begin PBXSourcesBuildPhase section */
		25E0D99A2669FB00004191DB /* Sources */ = {
			isa = PBXSourcesBuildPhase;
			buildActionMask = 2147483647;
			files = (
				25E0D9A62669FB00004191DB /* ViewController.swift in Sources */,
				25E0D9A22669FB00004191DB /* AppDelegate.swift in Sources */,
				25E0D9A42669FB00004191DB /* SceneDelegate.swift in Sources */,
				25E0D9B62669FB14004191DB /* EnumAPI.swift in Sources */,
			);
			runOnlyForDeploymentPostprocessing = 0;
		};
/* End PBXSourcesBuildPhase section */

/* Begin PBXVariantGroup section */
		25E0D9A72669FB00004191DB /* Main.storyboard */ = {
			isa = PBXVariantGroup;
			children = (
				25E0D9A82669FB00004191DB /* Base */,
			);
			name = Main.storyboard;
			sourceTree = "<group>";
		};
		25E0D9AC2669FB02004191DB /* LaunchScreen.storyboard */ = {
			isa = PBXVariantGroup;
			children = (
				25E0D9AD2669FB02004191DB /* Base */,
			);
			name = LaunchScreen.storyboard;
			sourceTree = "<group>";
		};
/* End PBXVariantGroup section */

/* Begin XCBuildConfiguration section */
		25E0D9B02669FB02004191DB /* Debug */ = {
			isa = XCBuildConfiguration;
			buildSettings = {
				ALWAYS_SEARCH_USER_PATHS = NO;
				CLANG_ANALYZER_NONNULL = YES;
				CLANG_ANALYZER_NUMBER_OBJECT_CONVERSION = YES_AGGRESSIVE;
				CLANG_CXX_LANGUAGE_STANDARD = "gnu++14";
				CLANG_CXX_LIBRARY = "libc++";
				CLANG_ENABLE_MODULES = YES;
				CLANG_ENABLE_OBJC_ARC = YES;
				CLANG_ENABLE_OBJC_WEAK = YES;
				CLANG_WARN_BLOCK_CAPTURE_AUTORELEASING = YES;
				CLANG_WARN_BOOL_CONVERSION = YES;
				CLANG_WARN_COMMA = YES;
				CLANG_WARN_CONSTANT_CONVERSION = YES;
				CLANG_WARN_DEPRECATED_OBJC_IMPLEMENTATIONS = YES;
				CLANG_WARN_DIRECT_OBJC_ISA_USAGE = YES_ERROR;
				CLANG_WARN_DOCUMENTATION_COMMENTS = YES;
				CLANG_WARN_EMPTY_BODY = YES;
				CLANG_WARN_ENUM_CONVERSION = YES;
				CLANG_WARN_INFINITE_RECURSION = YES;
				CLANG_WARN_INT_CONVERSION = YES;
				CLANG_WARN_NON_LITERAL_NULL_CONVERSION = YES;
				CLANG_WARN_OBJC_IMPLICIT_RETAIN_SELF = YES;
				CLANG_WARN_OBJC_LITERAL_CONVERSION = YES;
				CLANG_WARN_OBJC_ROOT_CLASS = YES_ERROR;
				CLANG_WARN_QUOTED_INCLUDE_IN_FRAMEWORK_HEADER = YES;
				CLANG_WARN_RANGE_LOOP_ANALYSIS = YES;
				CLANG_WARN_STRICT_PROTOTYPES = YES;
				CLANG_WARN_SUSPICIOUS_MOVE = YES;
				CLANG_WARN_UNGUARDED_AVAILABILITY = YES_AGGRESSIVE;
				CLANG_WARN_UNREACHABLE_CODE = YES;
				CLANG_WARN__DUPLICATE_METHOD_MATCH = YES;
				COPY_PHASE_STRIP = NO;
				DEBUG_INFORMATION_FORMAT = dwarf;
				ENABLE_STRICT_OBJC_MSGSEND = YES;
				ENABLE_TESTABILITY = YES;
				GCC_C_LANGUAGE_STANDARD = gnu11;
				GCC_DYNAMIC_NO_PIC = NO;
				GCC_NO_COMMON_BLOCKS = YES;
				GCC_OPTIMIZATION_LEVEL = 0;
				GCC_PREPROCESSOR_DEFINITIONS = (
					"DEBUG=1",
					"$(inherited)",
				);
				GCC_WARN_64_TO_32_BIT_CONVERSION = YES;
				GCC_WARN_ABOUT_RETURN_TYPE = YES_ERROR;
				GCC_WARN_UNDECLARED_SELECTOR = YES;
				GCC_WARN_UNINITIALIZED_AUTOS = YES_AGGRESSIVE;
				GCC_WARN_UNUSED_FUNCTION = YES;
				GCC_WARN_UNUSED_VARIABLE = YES;
				IPHONEOS_DEPLOYMENT_TARGET = 14.5;
				MTL_ENABLE_DEBUG_INFO = INCLUDE_SOURCE;
				MTL_FAST_MATH = YES;
				ONLY_ACTIVE_ARCH = YES;
				SDKROOT = iphoneos;
				SWIFT_ACTIVE_COMPILATION_CONDITIONS = DEBUG;
				SWIFT_OPTIMIZATION_LEVEL = "-Onone";
			};
			name = Debug;
		};
		25E0D9B12669FB02004191DB /* Release */ = {
			isa = XCBuildConfiguration;
			buildSettings = {
				ALWAYS_SEARCH_USER_PATHS = NO;
				CLANG_ANALYZER_NONNULL = YES;
				CLANG_ANALYZER_NUMBER_OBJECT_CONVERSION = YES_AGGRESSIVE;
				CLANG_CXX_LANGUAGE_STANDARD = "gnu++14";
				CLANG_CXX_LIBRARY = "libc++";
				CLANG_ENABLE_MODULES = YES;
				CLANG_ENABLE_OBJC_ARC = YES;
				CLANG_ENABLE_OBJC_WEAK = YES;
				CLANG_WARN_BLOCK_CAPTURE_AUTORELEASING = YES;
				CLANG_WARN_BOOL_CONVERSION = YES;
				CLANG_WARN_COMMA = YES;
				CLANG_WARN_CONSTANT_CONVERSION = YES;
				CLANG_WARN_DEPRECATED_OBJC_IMPLEMENTATIONS = YES;
				CLANG_WARN_DIRECT_OBJC_ISA_USAGE = YES_ERROR;
				CLANG_WARN_DOCUMENTATION_COMMENTS = YES;
				CLANG_WARN_EMPTY_BODY = YES;
				CLANG_WARN_ENUM_CONVERSION = YES;
				CLANG_WARN_INFINITE_RECURSION = YES;
				CLANG_WARN_INT_CONVERSION = YES;
				CLANG_WARN_NON_LITERAL_NULL_CONVERSION = YES;
				CLANG_WARN_OBJC_IMPLICIT_RETAIN_SELF = YES;
				CLANG_WARN_OBJC_LITERAL_CONVERSION = YES;
				CLANG_WARN_OBJC_ROOT_CLASS = YES_ERROR;
				CLANG_WARN_QUOTED_INCLUDE_IN_FRAMEWORK_HEADER = YES;
				CLANG_WARN_RANGE_LOOP_ANALYSIS = YES;
				CLANG_WARN_STRICT_PROTOTYPES = YES;
				CLANG_WARN_SUSPICIOUS_MOVE = YES;
				CLANG_WARN_UNGUARDED_AVAILABILITY = YES_AGGRESSIVE;
				CLANG_WARN_UNREACHABLE_CODE = YES;
				CLANG_WARN__DUPLICATE_METHOD_MATCH = YES;
				COPY_PHASE_STRIP = NO;
				DEBUG_INFORMATION_FORMAT = "dwarf-with-dsym";
				ENABLE_NS_ASSERTIONS = NO;
				ENABLE_STRICT_OBJC_MSGSEND = YES;
				GCC_C_LANGUAGE_STANDARD = gnu11;
				GCC_NO_COMMON_BLOCKS = YES;
				GCC_WARN_64_TO_32_BIT_CONVERSION = YES;
				GCC_WARN_ABOUT_RETURN_TYPE = YES_ERROR;
				GCC_WARN_UNDECLARED_SELECTOR = YES;
				GCC_WARN_UNINITIALIZED_AUTOS = YES_AGGRESSIVE;
				GCC_WARN_UNUSED_FUNCTION = YES;
				GCC_WARN_UNUSED_VARIABLE = YES;
				IPHONEOS_DEPLOYMENT_TARGET = 14.5;
				MTL_ENABLE_DEBUG_INFO = NO;
				MTL_FAST_MATH = YES;
				SDKROOT = iphoneos;
				SWIFT_COMPILATION_MODE = wholemodule;
				SWIFT_OPTIMIZATION_LEVEL = "-O";
				VALIDATE_PRODUCT = YES;
			};
			name = Release;
		};
		25E0D9B32669FB02004191DB /* Debug */ = {
			isa = XCBuildConfiguration;
			buildSettings = {
				ASSETCATALOG_COMPILER_APPICON_NAME = AppIcon;
				ASSETCATALOG_COMPILER_GLOBAL_ACCENT_COLOR_NAME = AccentColor;
				CODE_SIGN_STYLE = Automatic;
				DEVELOPMENT_TEAM = DE5J9SP4MR;
				INFOPLIST_FILE = EnumAPIHeaders/Info.plist;
				LD_RUNPATH_SEARCH_PATHS = (
					"$(inherited)",
					"@executable_path/Frameworks",
				);
				PRODUCT_BUNDLE_IDENTIFIER = com.EnumAPIHeaders;
				PRODUCT_NAME = "$(TARGET_NAME)";
				SWIFT_VERSION = 5.0;
				TARGETED_DEVICE_FAMILY = "1,2";
			};
			name = Debug;
		};
		25E0D9B42669FB02004191DB /* Release */ = {
			isa = XCBuildConfiguration;
			buildSettings = {
				ASSETCATALOG_COMPILER_APPICON_NAME = AppIcon;
				ASSETCATALOG_COMPILER_GLOBAL_ACCENT_COLOR_NAME = AccentColor;
				CODE_SIGN_STYLE = Automatic;
				DEVELOPMENT_TEAM = DE5J9SP4MR;
				INFOPLIST_FILE = EnumAPIHeaders/Info.plist;
				LD_RUNPATH_SEARCH_PATHS = (
					"$(inherited)",
					"@executable_path/Frameworks",
				);
				PRODUCT_BUNDLE_IDENTIFIER = com.EnumAPIHeaders;
				PRODUCT_NAME = "$(TARGET_NAME)";
				SWIFT_VERSION = 5.0;
				TARGETED_DEVICE_FAMILY = "1,2";
			};
			name = Release;
		};
/* End XCBuildConfiguration section */

/* Begin XCConfigurationList section */
		25E0D9992669FB00004191DB /* Build configuration list for PBXProject "EnumAPIHeaders" */ = {
			isa = XCConfigurationList;
			buildConfigurations = (
				25E0D9B02669FB02004191DB /* Debug */,
				25E0D9B12669FB02004191DB /* Release */,
			);
			defaultConfigurationIsVisible = 0;
			defaultConfigurationName = Release;
		};
		25E0D9B22669FB02004191DB /* Build configuration list for PBXNativeTarget "EnumAPIHeaders" */ = {
			isa = XCConfigurationList;
			buildConfigurations = (
				25E0D9B32669FB02004191DB /* Debug */,
				25E0D9B42669FB02004191DB /* Release */,
			);
			defaultConfigurationIsVisible = 0;
			defaultConfigurationName = Release;
		};
/* End XCConfigurationList section */
	};
	rootObject = 25E0D9962669FB00004191DB /* Project object */;
}
